// !$*UTF8*$!
{
	archiveVersion = 1;
	classes = {
	};
	objectVersion = 55;
	objects = {

/* Begin PBXBuildFile section */
		020FA7BC27CFFC9F00CD6F60 /* AppDelegate.swift in Sources */ = {isa = PBXBuildFile; fileRef = 020FA7BB27CFFC9F00CD6F60 /* AppDelegate.swift */; };
		020FA7BE27CFFC9F00CD6F60 /* SceneDelegate.swift in Sources */ = {isa = PBXBuildFile; fileRef = 020FA7BD27CFFC9F00CD6F60 /* SceneDelegate.swift */; };
		020FA7C027CFFC9F00CD6F60 /* ViewController.swift in Sources */ = {isa = PBXBuildFile; fileRef = 020FA7BF27CFFC9F00CD6F60 /* ViewController.swift */; };
		020FA7C327CFFC9F00CD6F60 /* Main.storyboard in Resources */ = {isa = PBXBuildFile; fileRef = 020FA7C127CFFC9F00CD6F60 /* Main.storyboard */; };
		020FA7C527CFFCA100CD6F60 /* Assets.xcassets in Resources */ = {isa = PBXBuildFile; fileRef = 020FA7C427CFFCA100CD6F60 /* Assets.xcassets */; };
		020FA7C827CFFCA100CD6F60 /* LaunchScreen.storyboard in Resources */ = {isa = PBXBuildFile; fileRef = 020FA7C627CFFCA100CD6F60 /* LaunchScreen.storyboard */; };
		020FA7D127CFFD8800CD6F60 /* Hero.swift in Sources */ = {isa = PBXBuildFile; fileRef = 020FA7D027CFFD8800CD6F60 /* Hero.swift */; };
		020FA7D327D0009600CD6F60 /* DecodeViewController.swift in Sources */ = {isa = PBXBuildFile; fileRef = 020FA7D227D0009600CD6F60 /* DecodeViewController.swift */; };
		020FA7D627D0115F00CD6F60 /* Extension+UIImageView.swift in Sources */ = {isa = PBXBuildFile; fileRef = 020FA7D527D0115F00CD6F60 /* Extension+UIImageView.swift */; };
		0277837527D98733006E1AF9 /* heroCustomCell.swift in Sources */ = {isa = PBXBuildFile; fileRef = 0277837427D98733006E1AF9 /* heroCustomCell.swift */; };
		0277837727D993B3006E1AF9 /* UserDefaults+Extension.swift in Sources */ = {isa = PBXBuildFile; fileRef = 0277837627D993B3006E1AF9 /* UserDefaults+Extension.swift */; };
/* End PBXBuildFile section */

/* Begin PBXFileReference section */
		020FA7B827CFFC9F00CD6F60 /* projectCodable2.app */ = {isa = PBXFileReference; explicitFileType = wrapper.application; includeInIndex = 0; path = projectCodable2.app; sourceTree = BUILT_PRODUCTS_DIR; };
		020FA7BB27CFFC9F00CD6F60 /* AppDelegate.swift */ = {isa = PBXFileReference; lastKnownFileType = sourcecode.swift; path = AppDelegate.swift; sourceTree = "<group>"; };
		020FA7BD27CFFC9F00CD6F60 /* SceneDelegate.swift */ = {isa = PBXFileReference; lastKnownFileType = sourcecode.swift; path = SceneDelegate.swift; sourceTree = "<group>"; };
		020FA7BF27CFFC9F00CD6F60 /* ViewController.swift */ = {isa = PBXFileReference; lastKnownFileType = sourcecode.swift; path = ViewController.swift; sourceTree = "<group>"; };
		020FA7C227CFFC9F00CD6F60 /* Base */ = {isa = PBXFileReference; lastKnownFileType = file.storyboard; name = Base; path = Base.lproj/Main.storyboard; sourceTree = "<group>"; };
		020FA7C427CFFCA100CD6F60 /* Assets.xcassets */ = {isa = PBXFileReference; lastKnownFileType = folder.assetcatalog; path = Assets.xcassets; sourceTree = "<group>"; };
		020FA7C727CFFCA100CD6F60 /* Base */ = {isa = PBXFileReference; lastKnownFileType = file.storyboard; name = Base; path = Base.lproj/LaunchScreen.storyboard; sourceTree = "<group>"; };
		020FA7C927CFFCA100CD6F60 /* Info.plist */ = {isa = PBXFileReference; lastKnownFileType = text.plist.xml; path = Info.plist; sourceTree = "<group>"; };
		020FA7D027CFFD8800CD6F60 /* Hero.swift */ = {isa = PBXFileReference; lastKnownFileType = sourcecode.swift; path = Hero.swift; sourceTree = "<group>"; };
		020FA7D227D0009600CD6F60 /* DecodeViewController.swift */ = {isa = PBXFileReference; lastKnownFileType = sourcecode.swift; path = DecodeViewController.swift; sourceTree = "<group>"; };
		020FA7D527D0115F00CD6F60 /* Extension+UIImageView.swift */ = {isa = PBXFileReference; lastKnownFileType = sourcecode.swift; path = "Extension+UIImageView.swift"; sourceTree = "<group>"; };
		0277837427D98733006E1AF9 /* heroCustomCell.swift */ = {isa = PBXFileReference; lastKnownFileType = sourcecode.swift; path = heroCustomCell.swift; sourceTree = "<group>"; };
		0277837627D993B3006E1AF9 /* UserDefaults+Extension.swift */ = {isa = PBXFileReference; lastKnownFileType = sourcecode.swift; path = "UserDefaults+Extension.swift"; sourceTree = "<group>"; };
/* End PBXFileReference section */

/* Begin PBXFrameworksBuildPhase section */
		020FA7B527CFFC9F00CD6F60 /* Frameworks */ = {
			isa = PBXFrameworksBuildPhase;
			buildActionMask = 2147483647;
			files = (
			);
			runOnlyForDeploymentPostprocessing = 0;
		};
/* End PBXFrameworksBuildPhase section */

/* Begin PBXGroup section */
		020FA7AF27CFFC9F00CD6F60 = {
			isa = PBXGroup;
			children = (
				020FA7BA27CFFC9F00CD6F60 /* projectCodable2 */,
				020FA7B927CFFC9F00CD6F60 /* Products */,
			);
			sourceTree = "<group>";
		};
		020FA7B927CFFC9F00CD6F60 /* Products */ = {
			isa = PBXGroup;
			children = (
				020FA7B827CFFC9F00CD6F60 /* projectCodable2.app */,
			);
			name = Products;
			sourceTree = "<group>";
		};
		020FA7BA27CFFC9F00CD6F60 /* projectCodable2 */ = {
			isa = PBXGroup;
			children = (
				020FA7CF27CFFD7E00CD6F60 /* Hero */,
				020FA7BB27CFFC9F00CD6F60 /* AppDelegate.swift */,
				020FA7BD27CFFC9F00CD6F60 /* SceneDelegate.swift */,
				020FA7BF27CFFC9F00CD6F60 /* ViewController.swift */,
				020FA7D227D0009600CD6F60 /* DecodeViewController.swift */,
				0277837427D98733006E1AF9 /* heroCustomCell.swift */,
				020FA7C127CFFC9F00CD6F60 /* Main.storyboard */,
				020FA7C427CFFCA100CD6F60 /* Assets.xcassets */,
				020FA7C627CFFCA100CD6F60 /* LaunchScreen.storyboard */,
				020FA7C927CFFCA100CD6F60 /* Info.plist */,
			);
			path = projectCodable2;
			sourceTree = "<group>";
		};
		020FA7CF27CFFD7E00CD6F60 /* Hero */ = {
			isa = PBXGroup;
			children = (
				020FA7D427D010F800CD6F60 /* Utils */,
				020FA7D027CFFD8800CD6F60 /* Hero.swift */,
			);
			path = Hero;
			sourceTree = "<group>";
		};
		020FA7D427D010F800CD6F60 /* Utils */ = {
			isa = PBXGroup;
			children = (
				020FA7D527D0115F00CD6F60 /* Extension+UIImageView.swift */,
				0277837627D993B3006E1AF9 /* UserDefaults+Extension.swift */,
			);
			path = Utils;
			sourceTree = "<group>";
		};
/* End PBXGroup section */

/* Begin PBXNativeTarget section */
		020FA7B727CFFC9F00CD6F60 /* projectCodable2 */ = {
			isa = PBXNativeTarget;
			buildConfigurationList = 020FA7CC27CFFCA100CD6F60 /* Build configuration list for PBXNativeTarget "projectCodable2" */;
			buildPhases = (
				020FA7B427CFFC9F00CD6F60 /* Sources */,
				020FA7B527CFFC9F00CD6F60 /* Frameworks */,
				020FA7B627CFFC9F00CD6F60 /* Resources */,
			);
			buildRules = (
			);
			dependencies = (
			);
			name = projectCodable2;
			productName = projectCodable2;
			productReference = 020FA7B827CFFC9F00CD6F60 /* projectCodable2.app */;
			productType = "com.apple.product-type.application";
		};
/* End PBXNativeTarget section */

/* Begin PBXProject section */
		020FA7B027CFFC9F00CD6F60 /* Project object */ = {
			isa = PBXProject;
			attributes = {
				BuildIndependentTargetsInParallel = 1;
				LastSwiftUpdateCheck = 1320;
				LastUpgradeCheck = 1320;
				TargetAttributes = {
					020FA7B727CFFC9F00CD6F60 = {
						CreatedOnToolsVersion = 13.2.1;
					};
				};
			};
			buildConfigurationList = 020FA7B327CFFC9F00CD6F60 /* Build configuration list for PBXProject "projectCodable2" */;
			compatibilityVersion = "Xcode 13.0";
			developmentRegion = en;
			hasScannedForEncodings = 0;
			knownRegions = (
				en,
				Base,
			);
			mainGroup = 020FA7AF27CFFC9F00CD6F60;
			productRefGroup = 020FA7B927CFFC9F00CD6F60 /* Products */;
			projectDirPath = "";
			projectRoot = "";
			targets = (
				020FA7B727CFFC9F00CD6F60 /* projectCodable2 */,
			);
		};
/* End PBXProject section */

/* Begin PBXResourcesBuildPhase section */
		020FA7B627CFFC9F00CD6F60 /* Resources */ = {
			isa = PBXResourcesBuildPhase;
			buildActionMask = 2147483647;
			files = (
				020FA7C827CFFCA100CD6F60 /* LaunchScreen.storyboard in Resources */,
				020FA7C527CFFCA100CD6F60 /* Assets.xcassets in Resources */,
				020FA7C327CFFC9F00CD6F60 /* Main.storyboard in Resources */,
			);
			runOnlyForDeploymentPostprocessing = 0;
		};
/* End PBXResourcesBuildPhase section */

/* Begin PBXSourcesBuildPhase section */
		020FA7B427CFFC9F00CD6F60 /* Sources */ = {
			isa = PBXSourcesBuildPhase;
			buildActionMask = 2147483647;
			files = (
				020FA7C027CFFC9F00CD6F60 /* ViewController.swift in Sources */,
				020FA7BC27CFFC9F00CD6F60 /* AppDelegate.swift in Sources */,
				020FA7BE27CFFC9F00CD6F60 /* SceneDelegate.swift in Sources */,
				0277837527D98733006E1AF9 /* heroCustomCell.swift in Sources */,
				020FA7D127CFFD8800CD6F60 /* Hero.swift in Sources */,
				020FA7D627D0115F00CD6F60 /* Extension+UIImageView.swift in Sources */,
				0277837727D993B3006E1AF9 /* UserDefaults+Extension.swift in Sources */,
				020FA7D327D0009600CD6F60 /* DecodeViewController.swift in Sources */,
			);
			runOnlyForDeploymentPostprocessing = 0;
		};
/* End PBXSourcesBuildPhase section */

/* Begin PBXVariantGroup section */
		020FA7C127CFFC9F00CD6F60 /* Main.storyboard */ = {
			isa = PBXVariantGroup;
			children = (
				020FA7C227CFFC9F00CD6F60 /* Base */,
			);
			name = Main.storyboard;
			sourceTree = "<group>";
		};
		020FA7C627CFFCA100CD6F60 /* LaunchScreen.storyboard */ = {
			isa = PBXVariantGroup;
			children = (
				020FA7C727CFFCA100CD6F60 /* Base */,
			);
			name = LaunchScreen.storyboard;
			sourceTree = "<group>";
		};
/* End PBXVariantGroup section */

/* Begin XCBuildConfiguration section */
		020FA7CA27CFFCA100CD6F60 /* Debug */ = {
			isa = XCBuildConfiguration;
			buildSettings = {
				ALWAYS_SEARCH_USER_PATHS = NO;
				CLANG_ANALYZER_NONNULL = YES;
				CLANG_ANALYZER_NUMBER_OBJECT_CONVERSION = YES_AGGRESSIVE;
				CLANG_CXX_LANGUAGE_STANDARD = "gnu++17";
				CLANG_CXX_LIBRARY = "libc++";
				CLANG_ENABLE_MODULES = YES;
				CLANG_ENABLE_OBJC_ARC = YES;
				CLANG_ENABLE_OBJC_WEAK = YES;
				CLANG_WARN_BLOCK_CAPTURE_AUTORELEASING = YES;
				CLANG_WARN_BOOL_CONVERSION = YES;
				CLANG_WARN_COMMA = YES;
				CLANG_WARN_CONSTANT_CONVERSION = YES;
				CLANG_WARN_DEPRECATED_OBJC_IMPLEMENTATIONS = YES;
				CLANG_WARN_DIRECT_OBJC_ISA_USAGE = YES_ERROR;
				CLANG_WARN_DOCUMENTATION_COMMENTS = YES;
				CLANG_WARN_EMPTY_BODY = YES;
				CLANG_WARN_ENUM_CONVERSION = YES;
				CLANG_WARN_INFINITE_RECURSION = YES;
				CLANG_WARN_INT_CONVERSION = YES;
				CLANG_WARN_NON_LITERAL_NULL_CONVERSION = YES;
				CLANG_WARN_OBJC_IMPLICIT_RETAIN_SELF = YES;
				CLANG_WARN_OBJC_LITERAL_CONVERSION = YES;
				CLANG_WARN_OBJC_ROOT_CLASS = YES_ERROR;
				CLANG_WARN_QUOTED_INCLUDE_IN_FRAMEWORK_HEADER = YES;
				CLANG_WARN_RANGE_LOOP_ANALYSIS = YES;
				CLANG_WARN_STRICT_PROTOTYPES = YES;
				CLANG_WARN_SUSPICIOUS_MOVE = YES;
				CLANG_WARN_UNGUARDED_AVAILABILITY = YES_AGGRESSIVE;
				CLANG_WARN_UNREACHABLE_CODE = YES;
				CLANG_WARN__DUPLICATE_METHOD_MATCH = YES;
				COPY_PHASE_STRIP = NO;
				DEBUG_INFORMATION_FORMAT = dwarf;
				ENABLE_STRICT_OBJC_MSGSEND = YES;
				ENABLE_TESTABILITY = YES;
				GCC_C_LANGUAGE_STANDARD = gnu11;
				GCC_DYNAMIC_NO_PIC = NO;
				GCC_NO_COMMON_BLOCKS = YES;
				GCC_OPTIMIZATION_LEVEL = 0;
				GCC_PREPROCESSOR_DEFINITIONS = (
					"DEBUG=1",
					"$(inherited)",
				);
				GCC_WARN_64_TO_32_BIT_CONVERSION = YES;
				GCC_WARN_ABOUT_RETURN_TYPE = YES_ERROR;
				GCC_WARN_UNDECLARED_SELECTOR = YES;
				GCC_WARN_UNINITIALIZED_AUTOS = YES_AGGRESSIVE;
				GCC_WARN_UNUSED_FUNCTION = YES;
				GCC_WARN_UNUSED_VARIABLE = YES;
				IPHONEOS_DEPLOYMENT_TARGET = 15.2;
				MTL_ENABLE_DEBUG_INFO = INCLUDE_SOURCE;
				MTL_FAST_MATH = YES;
				ONLY_ACTIVE_ARCH = YES;
				SDKROOT = iphoneos;
				SWIFT_ACTIVE_COMPILATION_CONDITIONS = DEBUG;
				SWIFT_OPTIMIZATION_LEVEL = "-Onone";
			};
			name = Debug;
		};
		020FA7CB27CFFCA100CD6F60 /* Release */ = {
			isa = XCBuildConfiguration;
			buildSettings = {
				ALWAYS_SEARCH_USER_PATHS = NO;
				CLANG_ANALYZER_NONNULL = YES;
				CLANG_ANALYZER_NUMBER_OBJECT_CONVERSION = YES_AGGRESSIVE;
				CLANG_CXX_LANGUAGE_STANDARD = "gnu++17";
				CLANG_CXX_LIBRARY = "libc++";
				CLANG_ENABLE_MODULES = YES;
				CLANG_ENABLE_OBJC_ARC = YES;
				CLANG_ENABLE_OBJC_WEAK = YES;
				CLANG_WARN_BLOCK_CAPTURE_AUTORELEASING = YES;
				CLANG_WARN_BOOL_CONVERSION = YES;
				CLANG_WARN_COMMA = YES;
				CLANG_WARN_CONSTANT_CONVERSION = YES;
				CLANG_WARN_DEPRECATED_OBJC_IMPLEMENTATIONS = YES;
				CLANG_WARN_DIRECT_OBJC_ISA_USAGE = YES_ERROR;
				CLANG_WARN_DOCUMENTATION_COMMENTS = YES;
				CLANG_WARN_EMPTY_BODY = YES;
				CLANG_WARN_ENUM_CONVERSION = YES;
				CLANG_WARN_INFINITE_RECURSION = YES;
				CLANG_WARN_INT_CONVERSION = YES;
				CLANG_WARN_NON_LITERAL_NULL_CONVERSION = YES;
				CLANG_WARN_OBJC_IMPLICIT_RETAIN_SELF = YES;
				CLANG_WARN_OBJC_LITERAL_CONVERSION = YES;
				CLANG_WARN_OBJC_ROOT_CLASS = YES_ERROR;
				CLANG_WARN_QUOTED_INCLUDE_IN_FRAMEWORK_HEADER = YES;
				CLANG_WARN_RANGE_LOOP_ANALYSIS = YES;
				CLANG_WARN_STRICT_PROTOTYPES = YES;
				CLANG_WARN_SUSPICIOUS_MOVE = YES;
				CLANG_WARN_UNGUARDED_AVAILABILITY = YES_AGGRESSIVE;
				CLANG_WARN_UNREACHABLE_CODE = YES;
				CLANG_WARN__DUPLICATE_METHOD_MATCH = YES;
				COPY_PHASE_STRIP = NO;
				DEBUG_INFORMATION_FORMAT = "dwarf-with-dsym";
				ENABLE_NS_ASSERTIONS = NO;
				ENABLE_STRICT_OBJC_MSGSEND = YES;
				GCC_C_LANGUAGE_STANDARD = gnu11;
				GCC_NO_COMMON_BLOCKS = YES;
				GCC_WARN_64_TO_32_BIT_CONVERSION = YES;
				GCC_WARN_ABOUT_RETURN_TYPE = YES_ERROR;
				GCC_WARN_UNDECLARED_SELECTOR = YES;
				GCC_WARN_UNINITIALIZED_AUTOS = YES_AGGRESSIVE;
				GCC_WARN_UNUSED_FUNCTION = YES;
				GCC_WARN_UNUSED_VARIABLE = YES;
				IPHONEOS_DEPLOYMENT_TARGET = 15.2;
				MTL_ENABLE_DEBUG_INFO = NO;
				MTL_FAST_MATH = YES;
				SDKROOT = iphoneos;
				SWIFT_COMPILATION_MODE = wholemodule;
				SWIFT_OPTIMIZATION_LEVEL = "-O";
				VALIDATE_PRODUCT = YES;
			};
			name = Release;
		};
		020FA7CD27CFFCA100CD6F60 /* Debug */ = {
			isa = XCBuildConfiguration;
			buildSettings = {
				ASSETCATALOG_COMPILER_APPICON_NAME = AppIcon;
				ASSETCATALOG_COMPILER_GLOBAL_ACCENT_COLOR_NAME = AccentColor;
				CODE_SIGN_STYLE = Automatic;
				CURRENT_PROJECT_VERSION = 1;
				DEVELOPMENT_TEAM = R6W5G6J6X4;
				GENERATE_INFOPLIST_FILE = YES;
				INFOPLIST_FILE = projectCodable2/Info.plist;
				INFOPLIST_KEY_UIApplicationSupportsIndirectInputEvents = YES;
				INFOPLIST_KEY_UILaunchStoryboardName = LaunchScreen;
				INFOPLIST_KEY_UIMainStoryboardFile = Main;
				INFOPLIST_KEY_UISupportedInterfaceOrientations_iPad = "UIInterfaceOrientationPortrait UIInterfaceOrientationPortraitUpsideDown UIInterfaceOrientationLandscapeLeft UIInterfaceOrientationLandscapeRight";
				INFOPLIST_KEY_UISupportedInterfaceOrientations_iPhone = "UIInterfaceOrientationPortrait UIInterfaceOrientationLandscapeLeft UIInterfaceOrientationLandscapeRight";
				LD_RUNPATH_SEARCH_PATHS = (
					"$(inherited)",
					"@executable_path/Frameworks",
				);
				MARKETING_VERSION = 1.0;
				PRODUCT_BUNDLE_IDENTIFIER = EIT.projectCodable2;
				PRODUCT_NAME = "$(TARGET_NAME)";
				SWIFT_EMIT_LOC_STRINGS = YES;
				SWIFT_VERSION = 5.0;
				TARGETED_DEVICE_FAMILY = "1,2";
			};
			name = Debug;
		};
		020FA7CE27CFFCA100CD6F60 /* Release */ = {
			isa = XCBuildConfiguration;
			buildSettings = {
				ASSETCATALOG_COMPILER_APPICON_NAME = AppIcon;
				ASSETCATALOG_COMPILER_GLOBAL_ACCENT_COLOR_NAME = AccentColor;
				CODE_SIGN_STYLE = Automatic;
				CURRENT_PROJECT_VERSION = 1;
				DEVELOPMENT_TEAM = R6W5G6J6X4;
				GENERATE_INFOPLIST_FILE = YES;
				INFOPLIST_FILE = projectCodable2/Info.plist;
				INFOPLIST_KEY_UIApplicationSupportsIndirectInputEvents = YES;
				INFOPLIST_KEY_UILaunchStoryboardName = LaunchScreen;
				INFOPLIST_KEY_UIMainStoryboardFile = Main;
				INFOPLIST_KEY_UISupportedInterfaceOrientations_iPad = "UIInterfaceOrientationPortrait UIInterfaceOrientationPortraitUpsideDown UIInterfaceOrientationLandscapeLeft UIInterfaceOrientationLandscapeRight";
				INFOPLIST_KEY_UISupportedInterfaceOrientations_iPhone = "UIInterfaceOrientationPortrait UIInterfaceOrientationLandscapeLeft UIInterfaceOrientationLandscapeRight";
				LD_RUNPATH_SEARCH_PATHS = (
					"$(inherited)",
					"@executable_path/Frameworks",
				);
				MARKETING_VERSION = 1.0;
				PRODUCT_BUNDLE_IDENTIFIER = EIT.projectCodable2;
				PRODUCT_NAME = "$(TARGET_NAME)";
				SWIFT_EMIT_LOC_STRINGS = YES;
				SWIFT_VERSION = 5.0;
				TARGETED_DEVICE_FAMILY = "1,2";
			};
			name = Release;
		};
/* End XCBuildConfiguration section */

/* Begin XCConfigurationList section */
		020FA7B327CFFC9F00CD6F60 /* Build configuration list for PBXProject "projectCodable2" */ = {
			isa = XCConfigurationList;
			buildConfigurations = (
				020FA7CA27CFFCA100CD6F60 /* Debug */,
				020FA7CB27CFFCA100CD6F60 /* Release */,
			);
			defaultConfigurationIsVisible = 0;
			defaultConfigurationName = Release;
		};
		020FA7CC27CFFCA100CD6F60 /* Build configuration list for PBXNativeTarget "projectCodable2" */ = {
			isa = XCConfigurationList;
			buildConfigurations = (
				020FA7CD27CFFCA100CD6F60 /* Debug */,
				020FA7CE27CFFCA100CD6F60 /* Release */,
			);
			defaultConfigurationIsVisible = 0;
			defaultConfigurationName = Release;
		};
/* End XCConfigurationList section */
	};
	rootObject = 020FA7B027CFFC9F00CD6F60 /* Project object */;
}
